// !$*UTF8*$!
{
	archiveVersion = 1;
	classes = {
	};
	objectVersion = 46;
	objects = {

/* Begin PBXBuildFile section */
		8404DD5D16739D7B00C92E44 /* iPad.storyboard in Resources */ = {isa = PBXBuildFile; fileRef = 8404DD5C16739D7B00C92E44 /* iPad.storyboard */; };
		84149346166509D800E39ADB /* CalculatorModel.m in Sources */ = {isa = PBXBuildFile; fileRef = 84149345166509D800E39ADB /* CalculatorModel.m */; };
		84279EB816802FE80074BDDF /* CustomRotatingNavigationViewController.m in Sources */ = {isa = PBXBuildFile; fileRef = 84279EB716802FE80074BDDF /* CustomRotatingNavigationViewController.m */; };
		844D48931664AC7200990B7A /* UIKit.framework in Frameworks */ = {isa = PBXBuildFile; fileRef = 844D48921664AC7200990B7A /* UIKit.framework */; };
		844D48951664AC7200990B7A /* Foundation.framework in Frameworks */ = {isa = PBXBuildFile; fileRef = 844D48941664AC7200990B7A /* Foundation.framework */; };
		844D48971664AC7200990B7A /* CoreGraphics.framework in Frameworks */ = {isa = PBXBuildFile; fileRef = 844D48961664AC7200990B7A /* CoreGraphics.framework */; };
		844D489D1664AC7200990B7A /* InfoPlist.strings in Resources */ = {isa = PBXBuildFile; fileRef = 844D489B1664AC7200990B7A /* InfoPlist.strings */; };
		844D489F1664AC7200990B7A /* main.m in Sources */ = {isa = PBXBuildFile; fileRef = 844D489E1664AC7200990B7A /* main.m */; };
		844D48A31664AC7200990B7A /* CalculatorAppDelegate.m in Sources */ = {isa = PBXBuildFile; fileRef = 844D48A21664AC7200990B7A /* CalculatorAppDelegate.m */; };
		844D48A51664AC7200990B7A /* Default.png in Resources */ = {isa = PBXBuildFile; fileRef = 844D48A41664AC7200990B7A /* Default.png */; };
		844D48A71664AC7200990B7A /* Default@2x.png in Resources */ = {isa = PBXBuildFile; fileRef = 844D48A61664AC7200990B7A /* Default@2x.png */; };
		844D48A91664AC7200990B7A /* Default-568h@2x.png in Resources */ = {isa = PBXBuildFile; fileRef = 844D48A81664AC7200990B7A /* Default-568h@2x.png */; };
		844D48AC1664AC7200990B7A /* iPhone.storyboard in Resources */ = {isa = PBXBuildFile; fileRef = 844D48AA1664AC7200990B7A /* iPhone.storyboard */; };
		844D48AF1664AC7200990B7A /* CalculatorViewController.m in Sources */ = {isa = PBXBuildFile; fileRef = 844D48AE1664AC7200990B7A /* CalculatorViewController.m */; };
		847A5230167DD1A20036C0E9 /* RotatableViewController.m in Sources */ = {isa = PBXBuildFile; fileRef = 847A522E167DD1A20036C0E9 /* RotatableViewController.m */; };
		84AE463116723FF500B455B0 /* AxesDrawer.m in Sources */ = {isa = PBXBuildFile; fileRef = 84AE463016723FF500B455B0 /* AxesDrawer.m */; };
		84AE46361672453D00B455B0 /* GraphView.m in Sources */ = {isa = PBXBuildFile; fileRef = 84AE46351672453D00B455B0 /* GraphView.m */; };
		84AE463A1672456600B455B0 /* GraphViewController.m in Sources */ = {isa = PBXBuildFile; fileRef = 84AE46391672456600B455B0 /* GraphViewController.m */; };
		84AE463D167251C800B455B0 /* GraphModel.m in Sources */ = {isa = PBXBuildFile; fileRef = 84AE463C167251C800B455B0 /* GraphModel.m */; };
/* End PBXBuildFile section */

/* Begin PBXBuildRule section */
		84CC145B166BA31D00844208 /* PBXBuildRule */ = {
			isa = PBXBuildRule;
			compilerSpec = com.apple.compilers.proxy.script;
			fileType = pattern.proxy;
			isEditable = 1;
			outputFiles = (
			);
		};
/* End PBXBuildRule section */

/* Begin PBXFileReference section */
		8404DD5C16739D7B00C92E44 /* iPad.storyboard */ = {isa = PBXFileReference; fileEncoding = 4; lastKnownFileType = file.storyboard; path = iPad.storyboard; sourceTree = "<group>"; };
		84149344166509D800E39ADB /* CalculatorModel.h */ = {isa = PBXFileReference; fileEncoding = 4; lastKnownFileType = sourcecode.c.h; path = CalculatorModel.h; sourceTree = "<group>"; };
		84149345166509D800E39ADB /* CalculatorModel.m */ = {isa = PBXFileReference; fileEncoding = 4; lastKnownFileType = sourcecode.c.objc; path = CalculatorModel.m; sourceTree = "<group>"; };
		84279EB616802FE80074BDDF /* CustomRotatingNavigationViewController.h */ = {isa = PBXFileReference; fileEncoding = 4; lastKnownFileType = sourcecode.c.h; path = CustomRotatingNavigationViewController.h; sourceTree = "<group>"; };
		84279EB716802FE80074BDDF /* CustomRotatingNavigationViewController.m */ = {isa = PBXFileReference; fileEncoding = 4; lastKnownFileType = sourcecode.c.objc; path = CustomRotatingNavigationViewController.m; sourceTree = "<group>"; };
		844D488E1664AC7200990B7A /* Calculator.app */ = {isa = PBXFileReference; explicitFileType = wrapper.application; includeInIndex = 0; path = Calculator.app; sourceTree = BUILT_PRODUCTS_DIR; };
		844D48921664AC7200990B7A /* UIKit.framework */ = {isa = PBXFileReference; lastKnownFileType = wrapper.framework; name = UIKit.framework; path = System/Library/Frameworks/UIKit.framework; sourceTree = SDKROOT; };
		844D48941664AC7200990B7A /* Foundation.framework */ = {isa = PBXFileReference; lastKnownFileType = wrapper.framework; name = Foundation.framework; path = System/Library/Frameworks/Foundation.framework; sourceTree = SDKROOT; };
		844D48961664AC7200990B7A /* CoreGraphics.framework */ = {isa = PBXFileReference; lastKnownFileType = wrapper.framework; name = CoreGraphics.framework; path = System/Library/Frameworks/CoreGraphics.framework; sourceTree = SDKROOT; };
		844D489A1664AC7200990B7A /* Calculator-Info.plist */ = {isa = PBXFileReference; lastKnownFileType = text.plist.xml; path = "Calculator-Info.plist"; sourceTree = "<group>"; };
		844D489C1664AC7200990B7A /* en */ = {isa = PBXFileReference; lastKnownFileType = text.plist.strings; name = en; path = en.lproj/InfoPlist.strings; sourceTree = "<group>"; };
		844D489E1664AC7200990B7A /* main.m */ = {isa = PBXFileReference; lastKnownFileType = sourcecode.c.objc; path = main.m; sourceTree = "<group>"; };
		844D48A01664AC7200990B7A /* Calculator-Prefix.pch */ = {isa = PBXFileReference; lastKnownFileType = sourcecode.c.h; path = "Calculator-Prefix.pch"; sourceTree = "<group>"; };
		844D48A11664AC7200990B7A /* CalculatorAppDelegate.h */ = {isa = PBXFileReference; lastKnownFileType = sourcecode.c.h; path = CalculatorAppDelegate.h; sourceTree = "<group>"; };
		844D48A21664AC7200990B7A /* CalculatorAppDelegate.m */ = {isa = PBXFileReference; lastKnownFileType = sourcecode.c.objc; path = CalculatorAppDelegate.m; sourceTree = "<group>"; };
		844D48A41664AC7200990B7A /* Default.png */ = {isa = PBXFileReference; lastKnownFileType = image.png; path = Default.png; sourceTree = "<group>"; };
		844D48A61664AC7200990B7A /* Default@2x.png */ = {isa = PBXFileReference; lastKnownFileType = image.png; path = "Default@2x.png"; sourceTree = "<group>"; };
		844D48A81664AC7200990B7A /* Default-568h@2x.png */ = {isa = PBXFileReference; lastKnownFileType = image.png; path = "Default-568h@2x.png"; sourceTree = "<group>"; };
		844D48AB1664AC7200990B7A /* en */ = {isa = PBXFileReference; lastKnownFileType = file.storyboard; name = en; path = en.lproj/iPhone.storyboard; sourceTree = "<group>"; };
		844D48AD1664AC7200990B7A /* CalculatorViewController.h */ = {isa = PBXFileReference; lastKnownFileType = sourcecode.c.h; path = CalculatorViewController.h; sourceTree = "<group>"; };
		844D48AE1664AC7200990B7A /* CalculatorViewController.m */ = {isa = PBXFileReference; lastKnownFileType = sourcecode.c.objc; path = CalculatorViewController.m; sourceTree = "<group>"; };
		847A522D167DD1A20036C0E9 /* RotatableViewController.h */ = {isa = PBXFileReference; fileEncoding = 4; lastKnownFileType = sourcecode.c.h; name = RotatableViewController.h; path = ../../Psychologist/Psychologist/RotatableViewController.h; sourceTree = "<group>"; };
		847A522E167DD1A20036C0E9 /* RotatableViewController.m */ = {isa = PBXFileReference; fileEncoding = 4; lastKnownFileType = sourcecode.c.objc; name = RotatableViewController.m; path = ../../Psychologist/Psychologist/RotatableViewController.m; sourceTree = "<group>"; };
		847A5238167E14990036C0E9 /* SplitViewBarButtonItemPresenter.h */ = {isa = PBXFileReference; fileEncoding = 4; lastKnownFileType = sourcecode.c.h; path = SplitViewBarButtonItemPresenter.h; sourceTree = "<group>"; };
		84AE462F16723FF500B455B0 /* AxesDrawer.h */ = {isa = PBXFileReference; fileEncoding = 4; lastKnownFileType = sourcecode.c.h; path = AxesDrawer.h; sourceTree = "<group>"; };
		84AE463016723FF500B455B0 /* AxesDrawer.m */ = {isa = PBXFileReference; fileEncoding = 4; lastKnownFileType = sourcecode.c.objc; path = AxesDrawer.m; sourceTree = "<group>"; };
		84AE46341672453D00B455B0 /* GraphView.h */ = {isa = PBXFileReference; fileEncoding = 4; lastKnownFileType = sourcecode.c.h; name = GraphView.h; path = Calculator/GraphView.h; sourceTree = "<group>"; };
		84AE46351672453D00B455B0 /* GraphView.m */ = {isa = PBXFileReference; fileEncoding = 4; lastKnownFileType = sourcecode.c.objc; name = GraphView.m; path = Calculator/GraphView.m; sourceTree = "<group>"; };
		84AE46381672456600B455B0 /* GraphViewController.h */ = {isa = PBXFileReference; fileEncoding = 4; lastKnownFileType = sourcecode.c.h; name = GraphViewController.h; path = Calculator/GraphViewController.h; sourceTree = "<group>"; };
		84AE46391672456600B455B0 /* GraphViewController.m */ = {isa = PBXFileReference; fileEncoding = 4; lastKnownFileType = sourcecode.c.objc; name = GraphViewController.m; path = Calculator/GraphViewController.m; sourceTree = "<group>"; };
		84AE463B167251C800B455B0 /* GraphModel.h */ = {isa = PBXFileReference; fileEncoding = 4; lastKnownFileType = sourcecode.c.h; name = GraphModel.h; path = Calculator/GraphModel.h; sourceTree = "<group>"; };
		84AE463C167251C800B455B0 /* GraphModel.m */ = {isa = PBXFileReference; fileEncoding = 4; lastKnownFileType = sourcecode.c.objc; name = GraphModel.m; path = Calculator/GraphModel.m; sourceTree = "<group>"; };
/* End PBXFileReference section */

/* Begin PBXFrameworksBuildPhase section */
		844D488B1664AC7200990B7A /* Frameworks */ = {
			isa = PBXFrameworksBuildPhase;
			buildActionMask = 2147483647;
			files = (
				844D48931664AC7200990B7A /* UIKit.framework in Frameworks */,
				844D48951664AC7200990B7A /* Foundation.framework in Frameworks */,
				844D48971664AC7200990B7A /* CoreGraphics.framework in Frameworks */,
			);
			runOnlyForDeploymentPostprocessing = 0;
		};
/* End PBXFrameworksBuildPhase section */

/* Begin PBXGroup section */
		844D48831664AC7200990B7A = {
			isa = PBXGroup;
			children = (
				84AE46371672454500B455B0 /* Graph */,
				84AE463316723FFF00B455B0 /* AxesDrawer */,
				844D48981664AC7200990B7A /* Calculator */,
				844D48911664AC7200990B7A /* Frameworks */,
				844D488F1664AC7200990B7A /* Products */,
			);
			sourceTree = "<group>";
		};
		844D488F1664AC7200990B7A /* Products */ = {
			isa = PBXGroup;
			children = (
				844D488E1664AC7200990B7A /* Calculator.app */,
			);
			name = Products;
			sourceTree = "<group>";
		};
		844D48911664AC7200990B7A /* Frameworks */ = {
			isa = PBXGroup;
			children = (
				844D48921664AC7200990B7A /* UIKit.framework */,
				844D48941664AC7200990B7A /* Foundation.framework */,
				844D48961664AC7200990B7A /* CoreGraphics.framework */,
			);
			name = Frameworks;
			sourceTree = "<group>";
		};
		844D48981664AC7200990B7A /* Calculator */ = {
			isa = PBXGroup;
			children = (
				844D48A11664AC7200990B7A /* CalculatorAppDelegate.h */,
				844D48A21664AC7200990B7A /* CalculatorAppDelegate.m */,
				84149344166509D800E39ADB /* CalculatorModel.h */,
				84149345166509D800E39ADB /* CalculatorModel.m */,
				844D48AD1664AC7200990B7A /* CalculatorViewController.h */,
				844D48AE1664AC7200990B7A /* CalculatorViewController.m */,
				844D48991664AC7200990B7A /* Supporting Files */,
			);
			path = Calculator;
			sourceTree = "<group>";
		};
		844D48991664AC7200990B7A /* Supporting Files */ = {
			isa = PBXGroup;
			children = (
				844D48AA1664AC7200990B7A /* iPhone.storyboard */,
				8404DD5C16739D7B00C92E44 /* iPad.storyboard */,
				847A522D167DD1A20036C0E9 /* RotatableViewController.h */,
				847A522E167DD1A20036C0E9 /* RotatableViewController.m */,
				847A5238167E14990036C0E9 /* SplitViewBarButtonItemPresenter.h */,
				844D489A1664AC7200990B7A /* Calculator-Info.plist */,
				844D489B1664AC7200990B7A /* InfoPlist.strings */,
				844D489E1664AC7200990B7A /* main.m */,
				844D48A01664AC7200990B7A /* Calculator-Prefix.pch */,
				844D48A41664AC7200990B7A /* Default.png */,
				844D48A61664AC7200990B7A /* Default@2x.png */,
				844D48A81664AC7200990B7A /* Default-568h@2x.png */,
				84279EB616802FE80074BDDF /* CustomRotatingNavigationViewController.h */,
				84279EB716802FE80074BDDF /* CustomRotatingNavigationViewController.m */,
			);
			name = "Supporting Files";
			sourceTree = "<group>";
		};
		84AE463316723FFF00B455B0 /* AxesDrawer */ = {
			isa = PBXGroup;
			children = (
				84AE462F16723FF500B455B0 /* AxesDrawer.h */,
				84AE463016723FF500B455B0 /* AxesDrawer.m */,
			);
			name = AxesDrawer;
			sourceTree = "<group>";
		};
		84AE46371672454500B455B0 /* Graph */ = {
			isa = PBXGroup;
			children = (
				84AE46341672453D00B455B0 /* GraphView.h */,
				84AE46351672453D00B455B0 /* GraphView.m */,
				84AE46381672456600B455B0 /* GraphViewController.h */,
				84AE46391672456600B455B0 /* GraphViewController.m */,
				84AE463B167251C800B455B0 /* GraphModel.h */,
				84AE463C167251C800B455B0 /* GraphModel.m */,
			);
			name = Graph;
			sourceTree = "<group>";
		};
/* End PBXGroup section */

/* Begin PBXNativeTarget section */
		844D488D1664AC7200990B7A /* Calculator */ = {
			isa = PBXNativeTarget;
			buildConfigurationList = 844D48B21664AC7200990B7A /* Build configuration list for PBXNativeTarget "Calculator" */;
			buildPhases = (
				844D488A1664AC7200990B7A /* Sources */,
				844D488B1664AC7200990B7A /* Frameworks */,
				844D488C1664AC7200990B7A /* Resources */,
			);
			buildRules = (
				84CC145B166BA31D00844208 /* PBXBuildRule */,
			);
			dependencies = (
			);
			name = Calculator;
			productName = Calculator;
			productReference = 844D488E1664AC7200990B7A /* Calculator.app */;
			productType = "com.apple.product-type.application";
		};
/* End PBXNativeTarget section */

/* Begin PBXProject section */
		844D48851664AC7200990B7A /* Project object */ = {
			isa = PBXProject;
			attributes = {
				CLASSPREFIX = Calculator;
				LastUpgradeCheck = 0450;
				ORGANIZATIONNAME = ThoughtAdvances;
			};
			buildConfigurationList = 844D48881664AC7200990B7A /* Build configuration list for PBXProject "Calculator" */;
			compatibilityVersion = "Xcode 3.2";
			developmentRegion = English;
			hasScannedForEncodings = 0;
			knownRegions = (
				en,
			);
			mainGroup = 844D48831664AC7200990B7A;
			productRefGroup = 844D488F1664AC7200990B7A /* Products */;
			projectDirPath = "";
			projectRoot = "";
			targets = (
				844D488D1664AC7200990B7A /* Calculator */,
			);
		};
/* End PBXProject section */

/* Begin PBXResourcesBuildPhase section */
		844D488C1664AC7200990B7A /* Resources */ = {
			isa = PBXResourcesBuildPhase;
			buildActionMask = 2147483647;
			files = (
				844D489D1664AC7200990B7A /* InfoPlist.strings in Resources */,
				844D48A51664AC7200990B7A /* Default.png in Resources */,
				844D48A71664AC7200990B7A /* Default@2x.png in Resources */,
				844D48A91664AC7200990B7A /* Default-568h@2x.png in Resources */,
				844D48AC1664AC7200990B7A /* iPhone.storyboard in Resources */,
				8404DD5D16739D7B00C92E44 /* iPad.storyboard in Resources */,
			);
			runOnlyForDeploymentPostprocessing = 0;
		};
/* End PBXResourcesBuildPhase section */

/* Begin PBXSourcesBuildPhase section */
		844D488A1664AC7200990B7A /* Sources */ = {
			isa = PBXSourcesBuildPhase;
			buildActionMask = 2147483647;
			files = (
				844D489F1664AC7200990B7A /* main.m in Sources */,
				844D48A31664AC7200990B7A /* CalculatorAppDelegate.m in Sources */,
				844D48AF1664AC7200990B7A /* CalculatorViewController.m in Sources */,
				84149346166509D800E39ADB /* CalculatorModel.m in Sources */,
				84AE463116723FF500B455B0 /* AxesDrawer.m in Sources */,
				84AE46361672453D00B455B0 /* GraphView.m in Sources */,
				84AE463A1672456600B455B0 /* GraphViewController.m in Sources */,
				84AE463D167251C800B455B0 /* GraphModel.m in Sources */,
				847A5230167DD1A20036C0E9 /* RotatableViewController.m in Sources */,
				84279EB816802FE80074BDDF /* CustomRotatingNavigationViewController.m in Sources */,
			);
			runOnlyForDeploymentPostprocessing = 0;
		};
/* End PBXSourcesBuildPhase section */

/* Begin PBXVariantGroup section */
		844D489B1664AC7200990B7A /* InfoPlist.strings */ = {
			isa = PBXVariantGroup;
			children = (
				844D489C1664AC7200990B7A /* en */,
			);
			name = InfoPlist.strings;
			sourceTree = "<group>";
		};
		844D48AA1664AC7200990B7A /* iPhone.storyboard */ = {
			isa = PBXVariantGroup;
			children = (
				844D48AB1664AC7200990B7A /* en */,
			);
			name = iPhone.storyboard;
			sourceTree = "<group>";
		};
/* End PBXVariantGroup section */

/* Begin XCBuildConfiguration section */
		844D48B01664AC7200990B7A /* Debug */ = {
			isa = XCBuildConfiguration;
			buildSettings = {
				ALWAYS_SEARCH_USER_PATHS = NO;
				CLANG_CXX_LANGUAGE_STANDARD = "gnu++0x";
				CLANG_CXX_LIBRARY = "libc++";
				CLANG_ENABLE_OBJC_ARC = YES;
				CLANG_WARN_EMPTY_BODY = YES;
				CLANG_WARN__DUPLICATE_METHOD_MATCH = YES;
				"CODE_SIGN_IDENTITY[sdk=iphoneos*]" = "iPhone Developer";
				COPY_PHASE_STRIP = NO;
				GCC_C_LANGUAGE_STANDARD = gnu99;
				GCC_DYNAMIC_NO_PIC = NO;
				GCC_OPTIMIZATION_LEVEL = 0;
				GCC_PREPROCESSOR_DEFINITIONS = (
					"DEBUG=1",
					"$(inherited)",
				);
				GCC_SYMBOLS_PRIVATE_EXTERN = NO;
				GCC_WARN_ABOUT_RETURN_TYPE = YES;
				GCC_WARN_UNINITIALIZED_AUTOS = YES;
				GCC_WARN_UNUSED_VARIABLE = YES;
				IPHONEOS_DEPLOYMENT_TARGET = 6.0;
				ONLY_ACTIVE_ARCH = YES;
				SDKROOT = iphoneos;
			};
			name = Debug;
		};
		844D48B11664AC7200990B7A /* Release */ = {
			isa = XCBuildConfiguration;
			buildSettings = {
				ALWAYS_SEARCH_USER_PATHS = NO;
				CLANG_CXX_LANGUAGE_STANDARD = "gnu++0x";
				CLANG_CXX_LIBRARY = "libc++";
				CLANG_ENABLE_OBJC_ARC = YES;
				CLANG_WARN_EMPTY_BODY = YES;
				CLANG_WARN__DUPLICATE_METHOD_MATCH = YES;
				"CODE_SIGN_IDENTITY[sdk=iphoneos*]" = "iPhone Developer";
				COPY_PHASE_STRIP = YES;
				GCC_C_LANGUAGE_STANDARD = gnu99;
				GCC_WARN_ABOUT_RETURN_TYPE = YES;
				GCC_WARN_UNINITIALIZED_AUTOS = YES;
				GCC_WARN_UNUSED_VARIABLE = YES;
				IPHONEOS_DEPLOYMENT_TARGET = 6.0;
				OTHER_CFLAGS = "-DNS_BLOCK_ASSERTIONS=1";
				SDKROOT = iphoneos;
				VALIDATE_PRODUCT = YES;
			};
			name = Release;
		};
		844D48B31664AC7200990B7A /* Debug */ = {
			isa = XCBuildConfiguration;
			buildSettings = {
				GCC_PRECOMPILE_PREFIX_HEADER = YES;
				GCC_PREFIX_HEADER = "Calculator/Calculator-Prefix.pch";
				INFOPLIST_FILE = "Calculator/Calculator-Info.plist";
				IPHONEOS_DEPLOYMENT_TARGET = 6.0;
				PRODUCT_NAME = "$(TARGET_NAME)";
				TARGETED_DEVICE_FAMILY = "1,2";
				WRAPPER_EXTENSION = app;
			};
			name = Debug;
		};
		844D48B41664AC7200990B7A /* Release */ = {
			isa = XCBuildConfiguration;
			buildSettings = {
				GCC_PRECOMPILE_PREFIX_HEADER = YES;
				GCC_PREFIX_HEADER = "Calculator/Calculator-Prefix.pch";
				INFOPLIST_FILE = "Calculator/Calculator-Info.plist";
				IPHONEOS_DEPLOYMENT_TARGET = 6.0;
				PRODUCT_NAME = "$(TARGET_NAME)";
				TARGETED_DEVICE_FAMILY = "1,2";
				WRAPPER_EXTENSION = app;
			};
			name = Release;
		};
/* End XCBuildConfiguration section */

/* Begin XCConfigurationList section */
		844D48881664AC7200990B7A /* Build configuration list for PBXProject "Calculator" */ = {
			isa = XCConfigurationList;
			buildConfigurations = (
				844D48B01664AC7200990B7A /* Debug */,
				844D48B11664AC7200990B7A /* Release */,
			);
			defaultConfigurationIsVisible = 0;
			defaultConfigurationName = Release;
		};
		844D48B21664AC7200990B7A /* Build configuration list for PBXNativeTarget "Calculator" */ = {
			isa = XCConfigurationList;
			buildConfigurations = (
				844D48B31664AC7200990B7A /* Debug */,
				844D48B41664AC7200990B7A /* Release */,
			);
			defaultConfigurationIsVisible = 0;
			defaultConfigurationName = Release;
		};
/* End XCConfigurationList section */
	};
	rootObject = 844D48851664AC7200990B7A /* Project object */;
}
